
Microsoft Visual Studio Solution File, Format Version 12.00
# Visual Studio 2012
Project("{FAE04EC0-301F-11D3-BF4B-00C04F79EFBC}") = "CanvasApp", "CanvasApp\CanvasApp.csproj", "{FA761B5D-F342-4941-9E03-5045693A4DEE}"
EndProject
Project("{2150E333-8FDC-42A3-9474-1A3956D46DE8}") = ".nuget", ".nuget", "{08B9ECB6-FA08-4F4C-BBD4-B2026515FA2F}"
	ProjectSection(SolutionItems) = preProject
		.nuget\NuGet.Config = .nuget\NuGet.Config
		.nuget\NuGet.exe = .nuget\NuGet.exe
		.nuget\NuGet.targets = .nuget\NuGet.targets
	EndProjectSection
EndProject
Global
	GlobalSection(SolutionConfigurationPlatforms) = preSolution
		Debug|Any CPU = Debug|Any CPU
		Release|Any CPU = Release|Any CPU
	EndGlobalSection
	GlobalSection(ProjectConfigurationPlatforms) = postSolution
		{FA761B5D-F342-4941-9E03-5045693A4DEE}.Debug|Any CPU.ActiveCfg = Debug|Any CPU
		{FA761B5D-F342-4941-9E03-5045693A4DEE}.Debug|Any CPU.Build.0 = Debug|Any CPU
		{FA761B5D-F342-4941-9E03-5045693A4DEE}.Release|Any CPU.ActiveCfg = Release|Any CPU
		{FA761B5D-F342-4941-9E03-5045693A4DEE}.Release|Any CPU.Build.0 = Release|Any CPU
	EndGlobalSection
	GlobalSection(SolutionProperties) = preSolution
		HideSolutionNode = FALSE
	EndGlobalSection
EndGlobal
